
Microsoft Visual Studio Solution File, Format Version 12.00
Project("{FAE04EC0-301F-11D3-BF4B-00C04F79EFBC}") = "sparrow-cert", "sparrow-cert\sparrow-cert.csproj", "{9F667842-956C-44DA-9520-FDB65876E6FF}"
EndProject
Project("{FAE04EC0-301F-11D3-BF4B-00C04F79EFBC}") = "sparrow-cert.runner", "sparrow-cert.runner\sparrow-cert.runner.csproj", "{730E83D7-6D02-42C8-9403-F04252619EC8}"
EndProject
Global
	GlobalSection(SolutionConfigurationPlatforms) = preSolution
		Debug|Any CPU = Debug|Any CPU
		Release|Any CPU = Release|Any CPU
	EndGlobalSection
	GlobalSection(ProjectConfigurationPlatforms) = postSolution
		{9F667842-956C-44DA-9520-FDB65876E6FF}.Debug|Any CPU.ActiveCfg = Debug|Any CPU
		{9F667842-956C-44DA-9520-FDB65876E6FF}.Debug|Any CPU.Build.0 = Debug|Any CPU
		{9F667842-956C-44DA-9520-FDB65876E6FF}.Release|Any CPU.ActiveCfg = Release|Any CPU
		{9F667842-956C-44DA-9520-FDB65876E6FF}.Release|Any CPU.Build.0 = Release|Any CPU
		{730E83D7-6D02-42C8-9403-F04252619EC8}.Debug|Any CPU.ActiveCfg = Debug|Any CPU
		{730E83D7-6D02-42C8-9403-F04252619EC8}.Debug|Any CPU.Build.0 = Debug|Any CPU
		{730E83D7-6D02-42C8-9403-F04252619EC8}.Release|Any CPU.ActiveCfg = Release|Any CPU
		{730E83D7-6D02-42C8-9403-F04252619EC8}.Release|Any CPU.Build.0 = Release|Any CPU
	EndGlobalSection
EndGlobal
